
Microsoft Visual Studio Solution File, Format Version 12.00
# Visual Studio 14
VisualStudioVersion = 14.0.23107.0
MinimumVisualStudioVersion = 10.0.40219.1
Project("{FAE04EC0-301F-11D3-BF4B-00C04F79EFBC}") = "LoanCalculator", "LoanCalculator\LoanCalculator.csproj", "{5D526B7B-474D-4F65-AE66-5D977ACC9BA7}"
EndProject
Project("{FAE04EC0-301F-11D3-BF4B-00C04F79EFBC}") = "LoanCalculator.Tests", "LoanCalculator.Tests\LoanCalculator.Tests.csproj", "{36CAB460-E7F9-4155-9D32-3DF4504FE164}"
EndProject
Project("{FAE04EC0-301F-11D3-BF4B-00C04F79EFBC}") = "Quote", "Quote\Quote.csproj", "{EED06BEF-4569-4F0B-AC3F-7294D91D85D5}"
EndProject
Global
	GlobalSection(SolutionConfigurationPlatforms) = preSolution
		Debug|Any CPU = Debug|Any CPU
		Release|Any CPU = Release|Any CPU
	EndGlobalSection
	GlobalSection(ProjectConfigurationPlatforms) = postSolution
		{5D526B7B-474D-4F65-AE66-5D977ACC9BA7}.Debug|Any CPU.ActiveCfg = Debug|Any CPU
		{5D526B7B-474D-4F65-AE66-5D977ACC9BA7}.Debug|Any CPU.Build.0 = Debug|Any CPU
		{5D526B7B-474D-4F65-AE66-5D977ACC9BA7}.Release|Any CPU.ActiveCfg = Release|Any CPU
		{5D526B7B-474D-4F65-AE66-5D977ACC9BA7}.Release|Any CPU.Build.0 = Release|Any CPU
		{36CAB460-E7F9-4155-9D32-3DF4504FE164}.Debug|Any CPU.ActiveCfg = Debug|Any CPU
		{36CAB460-E7F9-4155-9D32-3DF4504FE164}.Debug|Any CPU.Build.0 = Debug|Any CPU
		{36CAB460-E7F9-4155-9D32-3DF4504FE164}.Release|Any CPU.ActiveCfg = Release|Any CPU
		{36CAB460-E7F9-4155-9D32-3DF4504FE164}.Release|Any CPU.Build.0 = Release|Any CPU
		{EED06BEF-4569-4F0B-AC3F-7294D91D85D5}.Debug|Any CPU.ActiveCfg = Debug|Any CPU
		{EED06BEF-4569-4F0B-AC3F-7294D91D85D5}.Debug|Any CPU.Build.0 = Debug|Any CPU
		{EED06BEF-4569-4F0B-AC3F-7294D91D85D5}.Release|Any CPU.ActiveCfg = Release|Any CPU
		{EED06BEF-4569-4F0B-AC3F-7294D91D85D5}.Release|Any CPU.Build.0 = Release|Any CPU
	EndGlobalSection
	GlobalSection(SolutionProperties) = preSolution
		HideSolutionNode = FALSE
	EndGlobalSection
EndGlobal
